
Microsoft Visual Studio Solution File, Format Version 12.00
# Visual Studio Version 16
VisualStudioVersion = 16.0.30011.22
MinimumVisualStudioVersion = 10.0.40219.1
Project("{FAE04EC0-301F-11D3-BF4B-00C04F79EFBC}") = "VoiceBasedApp.Android", "VoiceBasedApp\VoiceBasedApp.Android\VoiceBasedApp.Android.csproj", "{85B7D97F-EF82-4783-866F-EC844EEA1D47}"
EndProject
Project("{FAE04EC0-301F-11D3-BF4B-00C04F79EFBC}") = "VoiceBasedApp.iOS", "VoiceBasedApp\VoiceBasedApp.iOS\VoiceBasedApp.iOS.csproj", "{D0241A12-1D38-4DE4-AAAA-F43844C73EA4}"
EndProject
Project("{9A19103F-16F7-4668-BE54-9A1E7A4F7556}") = "VoiceBasedApp", "VoiceBasedApp\VoiceBasedApp\VoiceBasedApp.csproj", "{17D66DC7-BA9C-4A10-86F0-4249B4ECDC11}"
EndProject
Project("{FAE04EC0-301F-11D3-BF4B-00C04F79EFBC}") = "TestApp.Android", "TestApp\TestApp.Android\TestApp.Android.csproj", "{F0C516BD-F15F-4681-8069-BEB791D19F76}"
EndProject
Project("{FAE04EC0-301F-11D3-BF4B-00C04F79EFBC}") = "TestApp.iOS", "TestApp\TestApp.iOS\TestApp.iOS.csproj", "{17311429-6E75-4854-81D7-EE25B76071DC}"
EndProject
Project("{9A19103F-16F7-4668-BE54-9A1E7A4F7556}") = "TestApp", "TestApp\TestApp\TestApp.csproj", "{0BBB31C0-A2C3-425D-9847-D4C67D8E4DD4}"
EndProject
Project("{FAE04EC0-301F-11D3-BF4B-00C04F79EFBC}") = "TestApp2.Android", "TestApp2.Android\TestApp2.Android.csproj", "{95DB5167-2171-4D8D-962B-BA9E5F3AA268}"
EndProject
Project("{FAE04EC0-301F-11D3-BF4B-00C04F79EFBC}") = "VoiceToCommand", "VoiceToCommand\VoiceToCommand.csproj", "{7C0931F7-4933-488B-A4CF-7802B7430721}"
EndProject
Project("{FAE04EC0-301F-11D3-BF4B-00C04F79EFBC}") = "VoiceToCommandLib.Android", "VoiceToCommandLib.Android\VoiceToCommandLib.Android.csproj", "{32411F5D-FACF-4432-8083-ADC2AD6F4B00}"
EndProject
Global
	GlobalSection(SolutionConfigurationPlatforms) = preSolution
		Debug|Any CPU = Debug|Any CPU
		Debug|iPhone = Debug|iPhone
		Debug|iPhoneSimulator = Debug|iPhoneSimulator
		Release|Any CPU = Release|Any CPU
		Release|iPhone = Release|iPhone
		Release|iPhoneSimulator = Release|iPhoneSimulator
	EndGlobalSection
	GlobalSection(ProjectConfigurationPlatforms) = postSolution
		{85B7D97F-EF82-4783-866F-EC844EEA1D47}.Debug|Any CPU.ActiveCfg = Debug|Any CPU
		{85B7D97F-EF82-4783-866F-EC844EEA1D47}.Debug|Any CPU.Build.0 = Debug|Any CPU
		{85B7D97F-EF82-4783-866F-EC844EEA1D47}.Debug|Any CPU.Deploy.0 = Debug|Any CPU
		{85B7D97F-EF82-4783-866F-EC844EEA1D47}.Debug|iPhone.ActiveCfg = Debug|Any CPU
		{85B7D97F-EF82-4783-866F-EC844EEA1D47}.Debug|iPhone.Build.0 = Debug|Any CPU
		{85B7D97F-EF82-4783-866F-EC844EEA1D47}.Debug|iPhone.Deploy.0 = Debug|Any CPU
		{85B7D97F-EF82-4783-866F-EC844EEA1D47}.Debug|iPhoneSimulator.ActiveCfg = Debug|Any CPU
		{85B7D97F-EF82-4783-866F-EC844EEA1D47}.Debug|iPhoneSimulator.Build.0 = Debug|Any CPU
		{85B7D97F-EF82-4783-866F-EC844EEA1D47}.Debug|iPhoneSimulator.Deploy.0 = Debug|Any CPU
		{85B7D97F-EF82-4783-866F-EC844EEA1D47}.Release|Any CPU.ActiveCfg = Release|Any CPU
		{85B7D97F-EF82-4783-866F-EC844EEA1D47}.Release|Any CPU.Build.0 = Release|Any CPU
		{85B7D97F-EF82-4783-866F-EC844EEA1D47}.Release|Any CPU.Deploy.0 = Release|Any CPU
		{85B7D97F-EF82-4783-866F-EC844EEA1D47}.Release|iPhone.ActiveCfg = Release|Any CPU
		{85B7D97F-EF82-4783-866F-EC844EEA1D47}.Release|iPhone.Build.0 = Release|Any CPU
		{85B7D97F-EF82-4783-866F-EC844EEA1D47}.Release|iPhone.Deploy.0 = Release|Any CPU
		{85B7D97F-EF82-4783-866F-EC844EEA1D47}.Release|iPhoneSimulator.ActiveCfg = Release|Any CPU
		{85B7D97F-EF82-4783-866F-EC844EEA1D47}.Release|iPhoneSimulator.Build.0 = Release|Any CPU
		{85B7D97F-EF82-4783-866F-EC844EEA1D47}.Release|iPhoneSimulator.Deploy.0 = Release|Any CPU
		{D0241A12-1D38-4DE4-AAAA-F43844C73EA4}.Debug|Any CPU.ActiveCfg = Debug|iPhone
		{D0241A12-1D38-4DE4-AAAA-F43844C73EA4}.Debug|Any CPU.Build.0 = Debug|iPhone
		{D0241A12-1D38-4DE4-AAAA-F43844C73EA4}.Debug|Any CPU.Deploy.0 = Debug|iPhone
		{D0241A12-1D38-4DE4-AAAA-F43844C73EA4}.Debug|iPhone.ActiveCfg = Debug|iPhone
		{D0241A12-1D38-4DE4-AAAA-F43844C73EA4}.Debug|iPhone.Build.0 = Debug|iPhone
		{D0241A12-1D38-4DE4-AAAA-F43844C73EA4}.Debug|iPhone.Deploy.0 = Debug|iPhone
		{D0241A12-1D38-4DE4-AAAA-F43844C73EA4}.Debug|iPhoneSimulator.ActiveCfg = Debug|iPhoneSimulator
		{D0241A12-1D38-4DE4-AAAA-F43844C73EA4}.Debug|iPhoneSimulator.Build.0 = Debug|iPhoneSimulator
		{D0241A12-1D38-4DE4-AAAA-F43844C73EA4}.Debug|iPhoneSimulator.Deploy.0 = Debug|iPhoneSimulator
		{D0241A12-1D38-4DE4-AAAA-F43844C73EA4}.Release|Any CPU.ActiveCfg = Release|iPhone
		{D0241A12-1D38-4DE4-AAAA-F43844C73EA4}.Release|Any CPU.Build.0 = Release|iPhone
		{D0241A12-1D38-4DE4-AAAA-F43844C73EA4}.Release|Any CPU.Deploy.0 = Release|iPhone
		{D0241A12-1D38-4DE4-AAAA-F43844C73EA4}.Release|iPhone.ActiveCfg = Release|iPhone
		{D0241A12-1D38-4DE4-AAAA-F43844C73EA4}.Release|iPhone.Build.0 = Release|iPhone
		{D0241A12-1D38-4DE4-AAAA-F43844C73EA4}.Release|iPhone.Deploy.0 = Release|iPhone
		{D0241A12-1D38-4DE4-AAAA-F43844C73EA4}.Release|iPhoneSimulator.ActiveCfg = Release|iPhoneSimulator
		{D0241A12-1D38-4DE4-AAAA-F43844C73EA4}.Release|iPhoneSimulator.Build.0 = Release|iPhoneSimulator
		{D0241A12-1D38-4DE4-AAAA-F43844C73EA4}.Release|iPhoneSimulator.Deploy.0 = Release|iPhoneSimulator
		{17D66DC7-BA9C-4A10-86F0-4249B4ECDC11}.Debug|Any CPU.ActiveCfg = Debug|Any CPU
		{17D66DC7-BA9C-4A10-86F0-4249B4ECDC11}.Debug|Any CPU.Build.0 = Debug|Any CPU
		{17D66DC7-BA9C-4A10-86F0-4249B4ECDC11}.Debug|Any CPU.Deploy.0 = Debug|Any CPU
		{17D66DC7-BA9C-4A10-86F0-4249B4ECDC11}.Debug|iPhone.ActiveCfg = Debug|Any CPU
		{17D66DC7-BA9C-4A10-86F0-4249B4ECDC11}.Debug|iPhone.Build.0 = Debug|Any CPU
		{17D66DC7-BA9C-4A10-86F0-4249B4ECDC11}.Debug|iPhone.Deploy.0 = Debug|Any CPU
		{17D66DC7-BA9C-4A10-86F0-4249B4ECDC11}.Debug|iPhoneSimulator.ActiveCfg = Debug|Any CPU
		{17D66DC7-BA9C-4A10-86F0-4249B4ECDC11}.Debug|iPhoneSimulator.Build.0 = Debug|Any CPU
		{17D66DC7-BA9C-4A10-86F0-4249B4ECDC11}.Debug|iPhoneSimulator.Deploy.0 = Debug|Any CPU
		{17D66DC7-BA9C-4A10-86F0-4249B4ECDC11}.Release|Any CPU.ActiveCfg = Release|Any CPU
		{17D66DC7-BA9C-4A10-86F0-4249B4ECDC11}.Release|Any CPU.Build.0 = Release|Any CPU
		{17D66DC7-BA9C-4A10-86F0-4249B4ECDC11}.Release|Any CPU.Deploy.0 = Release|Any CPU
		{17D66DC7-BA9C-4A10-86F0-4249B4ECDC11}.Release|iPhone.ActiveCfg = Release|Any CPU
		{17D66DC7-BA9C-4A10-86F0-4249B4ECDC11}.Release|iPhone.Build.0 = Release|Any CPU
		{17D66DC7-BA9C-4A10-86F0-4249B4ECDC11}.Release|iPhone.Deploy.0 = Release|Any CPU
		{17D66DC7-BA9C-4A10-86F0-4249B4ECDC11}.Release|iPhoneSimulator.ActiveCfg = Release|Any CPU
		{17D66DC7-BA9C-4A10-86F0-4249B4ECDC11}.Release|iPhoneSimulator.Build.0 = Release|Any CPU
		{17D66DC7-BA9C-4A10-86F0-4249B4ECDC11}.Release|iPhoneSimulator.Deploy.0 = Release|Any CPU
		{F0C516BD-F15F-4681-8069-BEB791D19F76}.Debug|Any CPU.ActiveCfg = Debug|Any CPU
		{F0C516BD-F15F-4681-8069-BEB791D19F76}.Debug|Any CPU.Build.0 = Debug|Any CPU
		{F0C516BD-F15F-4681-8069-BEB791D19F76}.Debug|Any CPU.Deploy.0 = Debug|Any CPU
		{F0C516BD-F15F-4681-8069-BEB791D19F76}.Debug|iPhone.ActiveCfg = Debug|Any CPU
		{F0C516BD-F15F-4681-8069-BEB791D19F76}.Debug|iPhone.Build.0 = Debug|Any CPU
		{F0C516BD-F15F-4681-8069-BEB791D19F76}.Debug|iPhone.Deploy.0 = Debug|Any CPU
		{F0C516BD-F15F-4681-8069-BEB791D19F76}.Debug|iPhoneSimulator.ActiveCfg = Debug|Any CPU
		{F0C516BD-F15F-4681-8069-BEB791D19F76}.Debug|iPhoneSimulator.Build.0 = Debug|Any CPU
		{F0C516BD-F15F-4681-8069-BEB791D19F76}.Debug|iPhoneSimulator.Deploy.0 = Debug|Any CPU
		{F0C516BD-F15F-4681-8069-BEB791D19F76}.Release|Any CPU.ActiveCfg = Release|Any CPU
		{F0C516BD-F15F-4681-8069-BEB791D19F76}.Release|Any CPU.Build.0 = Release|Any CPU
		{F0C516BD-F15F-4681-8069-BEB791D19F76}.Release|Any CPU.Deploy.0 = Release|Any CPU
		{F0C516BD-F15F-4681-8069-BEB791D19F76}.Release|iPhone.ActiveCfg = Release|Any CPU
		{F0C516BD-F15F-4681-8069-BEB791D19F76}.Release|iPhone.Build.0 = Release|Any CPU
		{F0C516BD-F15F-4681-8069-BEB791D19F76}.Release|iPhone.Deploy.0 = Release|Any CPU
		{F0C516BD-F15F-4681-8069-BEB791D19F76}.Release|iPhoneSimulator.ActiveCfg = Release|Any CPU
		{F0C516BD-F15F-4681-8069-BEB791D19F76}.Release|iPhoneSimulator.Build.0 = Release|Any CPU
		{F0C516BD-F15F-4681-8069-BEB791D19F76}.Release|iPhoneSimulator.Deploy.0 = Release|Any CPU
		{17311429-6E75-4854-81D7-EE25B76071DC}.Debug|Any CPU.ActiveCfg = Debug|iPhone
		{17311429-6E75-4854-81D7-EE25B76071DC}.Debug|iPhone.ActiveCfg = Debug|iPhone
		{17311429-6E75-4854-81D7-EE25B76071DC}.Debug|iPhone.Build.0 = Debug|iPhone
		{17311429-6E75-4854-81D7-EE25B76071DC}.Debug|iPhoneSimulator.ActiveCfg = Debug|iPhoneSimulator
		{17311429-6E75-4854-81D7-EE25B76071DC}.Debug|iPhoneSimulator.Build.0 = Debug|iPhoneSimulator
		{17311429-6E75-4854-81D7-EE25B76071DC}.Release|Any CPU.ActiveCfg = Release|iPhone
		{17311429-6E75-4854-81D7-EE25B76071DC}.Release|iPhone.ActiveCfg = Release|iPhone
		{17311429-6E75-4854-81D7-EE25B76071DC}.Release|iPhone.Build.0 = Release|iPhone
		{17311429-6E75-4854-81D7-EE25B76071DC}.Release|iPhoneSimulator.ActiveCfg = Release|iPhoneSimulator
		{17311429-6E75-4854-81D7-EE25B76071DC}.Release|iPhoneSimulator.Build.0 = Release|iPhoneSimulator
		{0BBB31C0-A2C3-425D-9847-D4C67D8E4DD4}.Debug|Any CPU.ActiveCfg = Debug|Any CPU
		{0BBB31C0-A2C3-425D-9847-D4C67D8E4DD4}.Debug|Any CPU.Build.0 = Debug|Any CPU
		{0BBB31C0-A2C3-425D-9847-D4C67D8E4DD4}.Debug|iPhone.ActiveCfg = Debug|Any CPU
		{0BBB31C0-A2C3-425D-9847-D4C67D8E4DD4}.Debug|iPhone.Build.0 = Debug|Any CPU
		{0BBB31C0-A2C3-425D-9847-D4C67D8E4DD4}.Debug|iPhoneSimulator.ActiveCfg = Debug|Any CPU
		{0BBB31C0-A2C3-425D-9847-D4C67D8E4DD4}.Debug|iPhoneSimulator.Build.0 = Debug|Any CPU
		{0BBB31C0-A2C3-425D-9847-D4C67D8E4DD4}.Release|Any CPU.ActiveCfg = Release|Any CPU
		{0BBB31C0-A2C3-425D-9847-D4C67D8E4DD4}.Release|Any CPU.Build.0 = Release|Any CPU
		{0BBB31C0-A2C3-425D-9847-D4C67D8E4DD4}.Release|iPhone.ActiveCfg = Release|Any CPU
		{0BBB31C0-A2C3-425D-9847-D4C67D8E4DD4}.Release|iPhone.Build.0 = Release|Any CPU
		{0BBB31C0-A2C3-425D-9847-D4C67D8E4DD4}.Release|iPhoneSimulator.ActiveCfg = Release|Any CPU
		{0BBB31C0-A2C3-425D-9847-D4C67D8E4DD4}.Release|iPhoneSimulator.Build.0 = Release|Any CPU
		{95DB5167-2171-4D8D-962B-BA9E5F3AA268}.Debug|Any CPU.ActiveCfg = Debug|Any CPU
		{95DB5167-2171-4D8D-962B-BA9E5F3AA268}.Debug|Any CPU.Build.0 = Debug|Any CPU
		{95DB5167-2171-4D8D-962B-BA9E5F3AA268}.Debug|Any CPU.Deploy.0 = Debug|Any CPU
		{95DB5167-2171-4D8D-962B-BA9E5F3AA268}.Debug|iPhone.ActiveCfg = Debug|Any CPU
		{95DB5167-2171-4D8D-962B-BA9E5F3AA268}.Debug|iPhone.Build.0 = Debug|Any CPU
		{95DB5167-2171-4D8D-962B-BA9E5F3AA268}.Debug|iPhone.Deploy.0 = Debug|Any CPU
		{95DB5167-2171-4D8D-962B-BA9E5F3AA268}.Debug|iPhoneSimulator.ActiveCfg = Debug|Any CPU
		{95DB5167-2171-4D8D-962B-BA9E5F3AA268}.Debug|iPhoneSimulator.Build.0 = Debug|Any CPU
		{95DB5167-2171-4D8D-962B-BA9E5F3AA268}.Debug|iPhoneSimulator.Deploy.0 = Debug|Any CPU
		{95DB5167-2171-4D8D-962B-BA9E5F3AA268}.Release|Any CPU.ActiveCfg = Release|Any CPU
		{95DB5167-2171-4D8D-962B-BA9E5F3AA268}.Release|Any CPU.Build.0 = Release|Any CPU
		{95DB5167-2171-4D8D-962B-BA9E5F3AA268}.Release|Any CPU.Deploy.0 = Release|Any CPU
		{95DB5167-2171-4D8D-962B-BA9E5F3AA268}.Release|iPhone.ActiveCfg = Release|Any CPU
		{95DB5167-2171-4D8D-962B-BA9E5F3AA268}.Release|iPhone.Build.0 = Release|Any CPU
		{95DB5167-2171-4D8D-962B-BA9E5F3AA268}.Release|iPhone.Deploy.0 = Release|Any CPU
		{95DB5167-2171-4D8D-962B-BA9E5F3AA268}.Release|iPhoneSimulator.ActiveCfg = Release|Any CPU
		{95DB5167-2171-4D8D-962B-BA9E5F3AA268}.Release|iPhoneSimulator.Build.0 = Release|Any CPU
		{95DB5167-2171-4D8D-962B-BA9E5F3AA268}.Release|iPhoneSimulator.Deploy.0 = Release|Any CPU
		{7C0931F7-4933-488B-A4CF-7802B7430721}.Debug|Any CPU.ActiveCfg = Debug|Any CPU
		{7C0931F7-4933-488B-A4CF-7802B7430721}.Debug|Any CPU.Build.0 = Debug|Any CPU
		{7C0931F7-4933-488B-A4CF-7802B7430721}.Debug|iPhone.ActiveCfg = Debug|Any CPU
		{7C0931F7-4933-488B-A4CF-7802B7430721}.Debug|iPhone.Build.0 = Debug|Any CPU
		{7C0931F7-4933-488B-A4CF-7802B7430721}.Debug|iPhoneSimulator.ActiveCfg = Debug|Any CPU
		{7C0931F7-4933-488B-A4CF-7802B7430721}.Debug|iPhoneSimulator.Build.0 = Debug|Any CPU
		{7C0931F7-4933-488B-A4CF-7802B7430721}.Release|Any CPU.ActiveCfg = Release|Any CPU
		{7C0931F7-4933-488B-A4CF-7802B7430721}.Release|Any CPU.Build.0 = Release|Any CPU
		{7C0931F7-4933-488B-A4CF-7802B7430721}.Release|iPhone.ActiveCfg = Release|Any CPU
		{7C0931F7-4933-488B-A4CF-7802B7430721}.Release|iPhone.Build.0 = Release|Any CPU
		{7C0931F7-4933-488B-A4CF-7802B7430721}.Release|iPhoneSimulator.ActiveCfg = Release|Any CPU
		{7C0931F7-4933-488B-A4CF-7802B7430721}.Release|iPhoneSimulator.Build.0 = Release|Any CPU
		{32411F5D-FACF-4432-8083-ADC2AD6F4B00}.Debug|Any CPU.ActiveCfg = Debug|Any CPU
		{32411F5D-FACF-4432-8083-ADC2AD6F4B00}.Debug|Any CPU.Build.0 = Debug|Any CPU
		{32411F5D-FACF-4432-8083-ADC2AD6F4B00}.Debug|iPhone.ActiveCfg = Debug|Any CPU
		{32411F5D-FACF-4432-8083-ADC2AD6F4B00}.Debug|iPhone.Build.0 = Debug|Any CPU
		{32411F5D-FACF-4432-8083-ADC2AD6F4B00}.Debug|iPhoneSimulator.ActiveCfg = Debug|Any CPU
		{32411F5D-FACF-4432-8083-ADC2AD6F4B00}.Debug|iPhoneSimulator.Build.0 = Debug|Any CPU
		{32411F5D-FACF-4432-8083-ADC2AD6F4B00}.Release|Any CPU.ActiveCfg = Release|Any CPU
		{32411F5D-FACF-4432-8083-ADC2AD6F4B00}.Release|Any CPU.Build.0 = Release|Any CPU
		{32411F5D-FACF-4432-8083-ADC2AD6F4B00}.Release|iPhone.ActiveCfg = Release|Any CPU
		{32411F5D-FACF-4432-8083-ADC2AD6F4B00}.Release|iPhone.Build.0 = Release|Any CPU
		{32411F5D-FACF-4432-8083-ADC2AD6F4B00}.Release|iPhoneSimulator.ActiveCfg = Release|Any CPU
		{32411F5D-FACF-4432-8083-ADC2AD6F4B00}.Release|iPhoneSimulator.Build.0 = Release|Any CPU
	EndGlobalSection
	GlobalSection(SolutionProperties) = preSolution
		HideSolutionNode = FALSE
	EndGlobalSection
	GlobalSection(ExtensibilityGlobals) = postSolution
		SolutionGuid = {E3FEC4B2-A635-47A0-95F2-3ED160B0F082}
	EndGlobalSection
EndGlobal
